<?xml version="1.0" encoding="utf-8"?>
<Project ToolsVersion="4.0" xmlns="http://schemas.microsoft.com/developer/msbuild/2003">
  <ItemGroup>
    <Filter Include="Source Files">
      <UniqueIdentifier>{4FC737F1-C7A5-4376-A066-2A32D752A2FF}</UniqueIdentifier>
      <Extensions>cpp;c;cc;cxx;c++;cppm;ixx;def;odl;idl;hpj;bat;asm;asmx</Extensions>
    </Filter>
    <Filter Include="Header Files">
      <UniqueIdentifier>{93995380-89BD-4b04-88EB-625FBE52EBFB}</UniqueIdentifier>
      <Extensions>h;hh;hpp;hxx;h++;hm;inl;inc;ipp;xsd</Extensions>
    </Filter>
    <Filter Include="Resource Files">
      <UniqueIdentifier>{67DA6AB6-F800-4c08-8B7A-83BB121AAD01}</UniqueIdentifier>
      <Extensions>rc;ico;cur;bmp;dlg;rc2;rct;bin;rgs;gif;jpg;jpeg;jpe;resx;tiff;tif;png;wav;mfcribbon-ms</Extensions>
    </Filter>
  </ItemGroup>
  <ItemGroup>
    <ClInclude Include="..\MyArray.h">
      <Filter>Header Files</Filter>
    </ClInclude>
    <ClInclude Include="..\MyBuffer.h">
      <Filter>Header Files</Filter>
    </ClInclude>
    <ClInclude Include="..\MyCoreDef.h">
      <Filter>Header Files</Filter>
    </ClInclude>
    <ClInclude Include="..\MyStringA.h">
      <Filter>Header Files</Filter>
    </ClInclude>
    <ClInclude Include="..\MyStringUtf8.h">
      <Filter>Header Files</Filter>
    </ClInclude>
    <ClInclude Include="..\MyStringUtf16.h">
      <Filter>Header Files</Filter>
    </ClInclude>
    <ClInclude Include="..\MyStringW.h">
      <Filter>Header Files</Filter>
    </ClInclude>
    <ClInclude Include="..\MyDate.h">
      <Filter>Header Files</Filter>
    </ClInclude>
    <ClInclude Include="..\MyFile.h">
      <Filter>Header Files</Filter>
    </ClInclude>
    <ClInclude Include="..\MyWin.h">
      <Filter>Header Files</Filter>
    </ClInclude>
    <ClInclude Include="..\MyFileAttributes.h">
      <Filter>Header Files</Filter>
    </ClInclude>
    <ClInclude Include="..\MyLinkList.h">
      <Filter>Header Files</Filter>
    </ClInclude>
    <ClInclude Include="..\MyMemPool.h">
      <Filter>Header Files</Filter>
    </ClInclude>
    <ClInclude Include="..\MyValLinkList.h">
      <Filter>Header Files</Filter>
    </ClInclude>
    <ClInclude Include="..\MyValArray.h">
      <Filter>Header Files</Filter>
    </ClInclude>
    <ClInclude Include="..\MyValObjHashMap.h">
      <Filter>Source Files</Filter>
    </ClInclude>
    <ClInclude Include="..\MyDataPacket.h">
      <Filter>Header Files</Filter>
    </ClInclude>
    <ClInclude Include="..\MyJSON.h">
      <Filter>Header Files</Filter>
    </ClInclude>
    <ClInclude Include="..\MyAStrValHashMap.h">
      <Filter>Header Files</Filter>
    </ClInclude>
    <ClInclude Include="..\MyWStrValHashMap.h">
      <Filter>Header Files</Filter>
    </ClInclude>
    <ClInclude Include="..\MyThread.h">
      <Filter>Header Files</Filter>
    </ClInclude>
    <ClInclude Include="..\MyLock.h">
      <Filter>Header Files</Filter>
    </ClInclude>
    <ClInclude Include="..\MyMutex.h">
      <Filter>Header Files</Filter>
    </ClInclude>
    <ClInclude Include="..\MyThreadPool.h">
      <Filter>Header Files</Filter>
    </ClInclude>
    <ClInclude Include="..\MyArrays.h">
      <Filter>Header Files</Filter>
    </ClInclude>
    <ClInclude Include="..\MyEncodings.h">
      <Filter>Header Files</Filter>
    </ClInclude>
    <ClInclude Include="..\MyWinService.h">
      <Filter>Header Files</Filter>
    </ClInclude>
    <ClInclude Include="..\MySqlite.h">
      <Filter>Header Files</Filter>
    </ClInclude>
    <ClInclude Include="..\MySqlEntity.h">
      <Filter>Header Files</Filter>
    </ClInclude>
    <ClInclude Include="..\MyLogger.h">
      <Filter>Header Files</Filter>
    </ClInclude>
    <ClInclude Include="..\MyStack.h">
      <Filter>Header Files</Filter>
    </ClInclude>
    <ClInclude Include="..\MyASN1.h">
      <Filter>Header Files</Filter>
    </ClInclude>
    <ClInclude Include="..\MyHash.h">
      <Filter>Header Files</Filter>
    </ClInclude>
  </ItemGroup>
  <ItemGroup>
    <ClCompile Include="..\MyBuffer.cpp">
      <Filter>Source Files</Filter>
    </ClCompile>
    <ClCompile Include="..\MyStringA.cpp">
      <Filter>Source Files</Filter>
    </ClCompile>
    <ClCompile Include="..\MyStringUtf8.cpp">
      <Filter>Source Files</Filter>
    </ClCompile>
    <ClCompile Include="..\MyStringUtf16.cpp">
      <Filter>Source Files</Filter>
    </ClCompile>
    <ClCompile Include="..\MyStringW.cpp">
      <Filter>Source Files</Filter>
    </ClCompile>
    <ClCompile Include="main.cpp">
      <Filter>Source Files</Filter>
    </ClCompile>
    <ClCompile Include="..\MyFile.cpp">
      <Filter>Source Files</Filter>
    </ClCompile>
    <ClCompile Include="..\MyWin.cpp">
      <Filter>Source Files</Filter>
    </ClCompile>
    <ClCompile Include="..\MyFileAttributes.cpp">
      <Filter>Source Files</Filter>
    </ClCompile>
    <ClCompile Include="..\MyDate.cpp">
      <Filter>Source Files</Filter>
    </ClCompile>
    <ClCompile Include="..\MyMemPool.cpp">
      <Filter>Source Files</Filter>
    </ClCompile>
    <ClCompile Include="..\MyDataPacket.cpp">
      <Filter>Source Files</Filter>
    </ClCompile>
    <ClCompile Include="..\MyJSON.cpp">
      <Filter>Source Files</Filter>
    </ClCompile>
    <ClCompile Include="..\MyThread.cpp">
      <Filter>Source Files</Filter>
    </ClCompile>
    <ClCompile Include="..\MyLock.cpp">
      <Filter>Source Files</Filter>
    </ClCompile>
    <ClCompile Include="..\MyMutex.cpp">
      <Filter>Source Files</Filter>
    </ClCompile>
    <ClCompile Include="..\MyThreadPool.cpp">
      <Filter>Source Files</Filter>
    </ClCompile>
    <ClCompile Include="..\MyArrays.cpp">
      <Filter>Header Files</Filter>
    </ClCompile>
    <ClCompile Include="..\MyEncodings.cpp">
      <Filter>Source Files</Filter>
    </ClCompile>
    <ClCompile Include="..\MyWinService.cpp">
      <Filter>Source Files</Filter>
    </ClCompile>
    <ClCompile Include="..\MySqlite.cpp">
      <Filter>Source Files</Filter>
    </ClCompile>
    <ClCompile Include="..\MySqlEntity.cpp">
      <Filter>Source Files</Filter>
    </ClCompile>
    <ClCompile Include="..\MyLogger.cpp">
      <Filter>Source Files</Filter>
    </ClCompile>
    <ClCompile Include="..\MyASN1.cpp">
      <Filter>Source Files</Filter>
    </ClCompile>
    <ClCompile Include="..\MyHash.cpp">
      <Filter>Source Files</Filter>
    </ClCompile>
  </ItemGroup>
</Project>